// !$*UTF8*$!
{
	archiveVersion = 1;
	classes = {
	};
	objectVersion = 56;
	objects = {

/* Begin PBXBuildFile section */
		D3679F0B2C8E311C002E7B63 /* AppDelegate.swift in Sources */ = {isa = PBXBuildFile; fileRef = D3679F0A2C8E311C002E7B63 /* AppDelegate.swift */; };
		D3679F0D2C8E311C002E7B63 /* SceneDelegate.swift in Sources */ = {isa = PBXBuildFile; fileRef = D3679F0C2C8E311C002E7B63 /* SceneDelegate.swift */; };
		D3679F0F2C8E311C002E7B63 /* ViewController.swift in Sources */ = {isa = PBXBuildFile; fileRef = D3679F0E2C8E311C002E7B63 /* ViewController.swift */; };
		D3679F122C8E311C002E7B63 /* Base in Resources */ = {isa = PBXBuildFile; fileRef = D3679F112C8E311C002E7B63 /* Base */; };
		D3679F142C8E311D002E7B63 /* Assets.xcassets in Resources */ = {isa = PBXBuildFile; fileRef = D3679F132C8E311D002E7B63 /* Assets.xcassets */; };
		D3679F172C8E311D002E7B63 /* Base in Resources */ = {isa = PBXBuildFile; fileRef = D3679F162C8E311D002E7B63 /* Base */; };
		D3679F222C8E311D002E7B63 /* Weather_HostingTests.swift in Sources */ = {isa = PBXBuildFile; fileRef = D3679F212C8E311D002E7B63 /* Weather_HostingTests.swift */; };
		D3679F2C2C8E311D002E7B63 /* Weather_HostingUITests.swift in Sources */ = {isa = PBXBuildFile; fileRef = D3679F2B2C8E311D002E7B63 /* Weather_HostingUITests.swift */; };
		D3679F2E2C8E311D002E7B63 /* Weather_HostingUITestsLaunchTests.swift in Sources */ = {isa = PBXBuildFile; fileRef = D3679F2D2C8E311D002E7B63 /* Weather_HostingUITestsLaunchTests.swift */; };
/* End PBXBuildFile section */

/* Begin PBXContainerItemProxy section */
		D3679F1E2C8E311D002E7B63 /* PBXContainerItemProxy */ = {
			isa = PBXContainerItemProxy;
			containerPortal = D3679EFF2C8E311C002E7B63 /* Project object */;
			proxyType = 1;
			remoteGlobalIDString = D3679F062C8E311C002E7B63;
			remoteInfo = Weather_Hosting;
		};
		D3679F282C8E311D002E7B63 /* PBXContainerItemProxy */ = {
			isa = PBXContainerItemProxy;
			containerPortal = D3679EFF2C8E311C002E7B63 /* Project object */;
			proxyType = 1;
			remoteGlobalIDString = D3679F062C8E311C002E7B63;
			remoteInfo = Weather_Hosting;
		};
/* End PBXContainerItemProxy section */

/* Begin PBXFileReference section */
		D3679F072C8E311C002E7B63 /* Weather_Hosting.app */ = {isa = PBXFileReference; explicitFileType = wrapper.application; includeInIndex = 0; path = Weather_Hosting.app; sourceTree = BUILT_PRODUCTS_DIR; };
		D3679F0A2C8E311C002E7B63 /* AppDelegate.swift */ = {isa = PBXFileReference; lastKnownFileType = sourcecode.swift; path = AppDelegate.swift; sourceTree = "<group>"; };
		D3679F0C2C8E311C002E7B63 /* SceneDelegate.swift */ = {isa = PBXFileReference; lastKnownFileType = sourcecode.swift; path = SceneDelegate.swift; sourceTree = "<group>"; };
		D3679F0E2C8E311C002E7B63 /* ViewController.swift */ = {isa = PBXFileReference; lastKnownFileType = sourcecode.swift; path = ViewController.swift; sourceTree = "<group>"; };
		D3679F112C8E311C002E7B63 /* Base */ = {isa = PBXFileReference; lastKnownFileType = file.storyboard; name = Base; path = Base.lproj/Main.storyboard; sourceTree = "<group>"; };
		D3679F132C8E311D002E7B63 /* Assets.xcassets */ = {isa = PBXFileReference; lastKnownFileType = folder.assetcatalog; path = Assets.xcassets; sourceTree = "<group>"; };
		D3679F162C8E311D002E7B63 /* Base */ = {isa = PBXFileReference; lastKnownFileType = file.storyboard; name = Base; path = Base.lproj/LaunchScreen.storyboard; sourceTree = "<group>"; };
		D3679F182C8E311D002E7B63 /* Info.plist */ = {isa = PBXFileReference; lastKnownFileType = text.plist.xml; path = Info.plist; sourceTree = "<group>"; };
		D3679F1D2C8E311D002E7B63 /* Weather_HostingTests.xctest */ = {isa = PBXFileReference; explicitFileType = wrapper.cfbundle; includeInIndex = 0; path = Weather_HostingTests.xctest; sourceTree = BUILT_PRODUCTS_DIR; };
		D3679F212C8E311D002E7B63 /* Weather_HostingTests.swift */ = {isa = PBXFileReference; lastKnownFileType = sourcecode.swift; path = Weather_HostingTests.swift; sourceTree = "<group>"; };
		D3679F272C8E311D002E7B63 /* Weather_HostingUITests.xctest */ = {isa = PBXFileReference; explicitFileType = wrapper.cfbundle; includeInIndex = 0; path = Weather_HostingUITests.xctest; sourceTree = BUILT_PRODUCTS_DIR; };
		D3679F2B2C8E311D002E7B63 /* Weather_HostingUITests.swift */ = {isa = PBXFileReference; lastKnownFileType = sourcecode.swift; path = Weather_HostingUITests.swift; sourceTree = "<group>"; };
		D3679F2D2C8E311D002E7B63 /* Weather_HostingUITestsLaunchTests.swift */ = {isa = PBXFileReference; lastKnownFileType = sourcecode.swift; path = Weather_HostingUITestsLaunchTests.swift; sourceTree = "<group>"; };
/* End PBXFileReference section */

/* Begin PBXFrameworksBuildPhase section */
		D3679F042C8E311C002E7B63 /* Frameworks */ = {
			isa = PBXFrameworksBuildPhase;
			buildActionMask = 2147483647;
			files = (
			);
			runOnlyForDeploymentPostprocessing = 0;
		};
		D3679F1A2C8E311D002E7B63 /* Frameworks */ = {
			isa = PBXFrameworksBuildPhase;
			buildActionMask = 2147483647;
			files = (
			);
			runOnlyForDeploymentPostprocessing = 0;
		};
		D3679F242C8E311D002E7B63 /* Frameworks */ = {
			isa = PBXFrameworksBuildPhase;
			buildActionMask = 2147483647;
			files = (
			);
			runOnlyForDeploymentPostprocessing = 0;
		};
/* End PBXFrameworksBuildPhase section */

/* Begin PBXGroup section */
		D3679EFE2C8E311C002E7B63 = {
			isa = PBXGroup;
			children = (
				D3679F092C8E311C002E7B63 /* Weather_Hosting */,
				D3679F202C8E311D002E7B63 /* Weather_HostingTests */,
				D3679F2A2C8E311D002E7B63 /* Weather_HostingUITests */,
				D3679F082C8E311C002E7B63 /* Products */,
			);
			sourceTree = "<group>";
		};
		D3679F082C8E311C002E7B63 /* Products */ = {
			isa = PBXGroup;
			children = (
				D3679F072C8E311C002E7B63 /* Weather_Hosting.app */,
				D3679F1D2C8E311D002E7B63 /* Weather_HostingTests.xctest */,
				D3679F272C8E311D002E7B63 /* Weather_HostingUITests.xctest */,
			);
			name = Products;
			sourceTree = "<group>";
		};
		D3679F092C8E311C002E7B63 /* Weather_Hosting */ = {
			isa = PBXGroup;
			children = (
				D3679F0A2C8E311C002E7B63 /* AppDelegate.swift */,
				D3679F0C2C8E311C002E7B63 /* SceneDelegate.swift */,
				D3679F0E2C8E311C002E7B63 /* ViewController.swift */,
				D3679F102C8E311C002E7B63 /* Main.storyboard */,
				D3679F132C8E311D002E7B63 /* Assets.xcassets */,
				D3679F152C8E311D002E7B63 /* LaunchScreen.storyboard */,
				D3679F182C8E311D002E7B63 /* Info.plist */,
			);
			path = Weather_Hosting;
			sourceTree = "<group>";
		};
		D3679F202C8E311D002E7B63 /* Weather_HostingTests */ = {
			isa = PBXGroup;
			children = (
				D3679F212C8E311D002E7B63 /* Weather_HostingTests.swift */,
			);
			path = Weather_HostingTests;
			sourceTree = "<group>";
		};
		D3679F2A2C8E311D002E7B63 /* Weather_HostingUITests */ = {
			isa = PBXGroup;
			children = (
				D3679F2B2C8E311D002E7B63 /* Weather_HostingUITests.swift */,
				D3679F2D2C8E311D002E7B63 /* Weather_HostingUITestsLaunchTests.swift */,
			);
			path = Weather_HostingUITests;
			sourceTree = "<group>";
		};
/* End PBXGroup section */

/* Begin PBXNativeTarget section */
		D3679F062C8E311C002E7B63 /* Weather_Hosting */ = {
			isa = PBXNativeTarget;
			buildConfigurationList = D3679F312C8E311D002E7B63 /* Build configuration list for PBXNativeTarget "Weather_Hosting" */;
			buildPhases = (
				D3679F032C8E311C002E7B63 /* Sources */,
				D3679F042C8E311C002E7B63 /* Frameworks */,
				D3679F052C8E311C002E7B63 /* Resources */,
			);
			buildRules = (
			);
			dependencies = (
			);
			name = Weather_Hosting;
			productName = Weather_Hosting;
			productReference = D3679F072C8E311C002E7B63 /* Weather_Hosting.app */;
			productType = "com.apple.product-type.application";
		};
		D3679F1C2C8E311D002E7B63 /* Weather_HostingTests */ = {
			isa = PBXNativeTarget;
			buildConfigurationList = D3679F342C8E311D002E7B63 /* Build configuration list for PBXNativeTarget "Weather_HostingTests" */;
			buildPhases = (
				D3679F192C8E311D002E7B63 /* Sources */,
				D3679F1A2C8E311D002E7B63 /* Frameworks */,
				D3679F1B2C8E311D002E7B63 /* Resources */,
			);
			buildRules = (
			);
			dependencies = (
				D3679F1F2C8E311D002E7B63 /* PBXTargetDependency */,
			);
			name = Weather_HostingTests;
			productName = Weather_HostingTests;
			productReference = D3679F1D2C8E311D002E7B63 /* Weather_HostingTests.xctest */;
			productType = "com.apple.product-type.bundle.unit-test";
		};
		D3679F262C8E311D002E7B63 /* Weather_HostingUITests */ = {
			isa = PBXNativeTarget;
			buildConfigurationList = D3679F372C8E311D002E7B63 /* Build configuration list for PBXNativeTarget "Weather_HostingUITests" */;
			buildPhases = (
				D3679F232C8E311D002E7B63 /* Sources */,
				D3679F242C8E311D002E7B63 /* Frameworks */,
				D3679F252C8E311D002E7B63 /* Resources */,
			);
			buildRules = (
			);
			dependencies = (
				D3679F292C8E311D002E7B63 /* PBXTargetDependency */,
			);
			name = Weather_HostingUITests;
			productName = Weather_HostingUITests;
			productReference = D3679F272C8E311D002E7B63 /* Weather_HostingUITests.xctest */;
			productType = "com.apple.product-type.bundle.ui-testing";
		};
/* End PBXNativeTarget section */

/* Begin PBXProject section */
		D3679EFF2C8E311C002E7B63 /* Project object */ = {
			isa = PBXProject;
			attributes = {
				BuildIndependentTargetsInParallel = 1;
				LastSwiftUpdateCheck = 1540;
				LastUpgradeCheck = 1540;
				TargetAttributes = {
					D3679F062C8E311C002E7B63 = {
						CreatedOnToolsVersion = 15.4;
					};
					D3679F1C2C8E311D002E7B63 = {
						CreatedOnToolsVersion = 15.4;
						TestTargetID = D3679F062C8E311C002E7B63;
					};
					D3679F262C8E311D002E7B63 = {
						CreatedOnToolsVersion = 15.4;
						TestTargetID = D3679F062C8E311C002E7B63;
					};
				};
			};
			buildConfigurationList = D3679F022C8E311C002E7B63 /* Build configuration list for PBXProject "Weather_Hosting" */;
			compatibilityVersion = "Xcode 14.0";
			developmentRegion = en;
			hasScannedForEncodings = 0;
			knownRegions = (
				en,
				Base,
			);
			mainGroup = D3679EFE2C8E311C002E7B63;
			productRefGroup = D3679F082C8E311C002E7B63 /* Products */;
			projectDirPath = "";
			projectRoot = "";
			targets = (
				D3679F062C8E311C002E7B63 /* Weather_Hosting */,
				D3679F1C2C8E311D002E7B63 /* Weather_HostingTests */,
				D3679F262C8E311D002E7B63 /* Weather_HostingUITests */,
			);
		};
/* End PBXProject section */

/* Begin PBXResourcesBuildPhase section */
		D3679F052C8E311C002E7B63 /* Resources */ = {
			isa = PBXResourcesBuildPhase;
			buildActionMask = 2147483647;
			files = (
				D3679F142C8E311D002E7B63 /* Assets.xcassets in Resources */,
				D3679F172C8E311D002E7B63 /* Base in Resources */,
				D3679F122C8E311C002E7B63 /* Base in Resources */,
			);
			runOnlyForDeploymentPostprocessing = 0;
		};
		D3679F1B2C8E311D002E7B63 /* Resources */ = {
			isa = PBXResourcesBuildPhase;
			buildActionMask = 2147483647;
			files = (
			);
			runOnlyForDeploymentPostprocessing = 0;
		};
		D3679F252C8E311D002E7B63 /* Resources */ = {
			isa = PBXResourcesBuildPhase;
			buildActionMask = 2147483647;
			files = (
			);
			runOnlyForDeploymentPostprocessing = 0;
		};
/* End PBXResourcesBuildPhase section */

/* Begin PBXSourcesBuildPhase section */
		D3679F032C8E311C002E7B63 /* Sources */ = {
			isa = PBXSourcesBuildPhase;
			buildActionMask = 2147483647;
			files = (
				D3679F0F2C8E311C002E7B63 /* ViewController.swift in Sources */,
				D3679F0B2C8E311C002E7B63 /* AppDelegate.swift in Sources */,
				D3679F0D2C8E311C002E7B63 /* SceneDelegate.swift in Sources */,
			);
			runOnlyForDeploymentPostprocessing = 0;
		};
		D3679F192C8E311D002E7B63 /* Sources */ = {
			isa = PBXSourcesBuildPhase;
			buildActionMask = 2147483647;
			files = (
				D3679F222C8E311D002E7B63 /* Weather_HostingTests.swift in Sources */,
			);
			runOnlyForDeploymentPostprocessing = 0;
		};
		D3679F232C8E311D002E7B63 /* Sources */ = {
			isa = PBXSourcesBuildPhase;
			buildActionMask = 2147483647;
			files = (
				D3679F2E2C8E311D002E7B63 /* Weather_HostingUITestsLaunchTests.swift in Sources */,
				D3679F2C2C8E311D002E7B63 /* Weather_HostingUITests.swift in Sources */,
			);
			runOnlyForDeploymentPostprocessing = 0;
		};
/* End PBXSourcesBuildPhase section */

/* Begin PBXTargetDependency section */
		D3679F1F2C8E311D002E7B63 /* PBXTargetDependency */ = {
			isa = PBXTargetDependency;
			target = D3679F062C8E311C002E7B63 /* Weather_Hosting */;
			targetProxy = D3679F1E2C8E311D002E7B63 /* PBXContainerItemProxy */;
		};
		D3679F292C8E311D002E7B63 /* PBXTargetDependency */ = {
			isa = PBXTargetDependency;
			target = D3679F062C8E311C002E7B63 /* Weather_Hosting */;
			targetProxy = D3679F282C8E311D002E7B63 /* PBXContainerItemProxy */;
		};
/* End PBXTargetDependency section */

/* Begin PBXVariantGroup section */
		D3679F102C8E311C002E7B63 /* Main.storyboard */ = {
			isa = PBXVariantGroup;
			children = (
				D3679F112C8E311C002E7B63 /* Base */,
			);
			name = Main.storyboard;
			sourceTree = "<group>";
		};
		D3679F152C8E311D002E7B63 /* LaunchScreen.storyboard */ = {
			isa = PBXVariantGroup;
			children = (
				D3679F162C8E311D002E7B63 /* Base */,
			);
			name = LaunchScreen.storyboard;
			sourceTree = "<group>";
		};
/* End PBXVariantGroup section */

/* Begin XCBuildConfiguration section */
		D3679F2F2C8E311D002E7B63 /* Debug */ = {
			isa = XCBuildConfiguration;
			buildSettings = {
				ALWAYS_SEARCH_USER_PATHS = NO;
				ASSETCATALOG_COMPILER_GENERATE_SWIFT_ASSET_SYMBOL_EXTENSIONS = YES;
				CLANG_ANALYZER_NONNULL = YES;
				CLANG_ANALYZER_NUMBER_OBJECT_CONVERSION = YES_AGGRESSIVE;
				CLANG_CXX_LANGUAGE_STANDARD = "gnu++20";
				CLANG_ENABLE_MODULES = YES;
				CLANG_ENABLE_OBJC_ARC = YES;
				CLANG_ENABLE_OBJC_WEAK = YES;
				CLANG_WARN_BLOCK_CAPTURE_AUTORELEASING = YES;
				CLANG_WARN_BOOL_CONVERSION = YES;
				CLANG_WARN_COMMA = YES;
				CLANG_WARN_CONSTANT_CONVERSION = YES;
				CLANG_WARN_DEPRECATED_OBJC_IMPLEMENTATIONS = YES;
				CLANG_WARN_DIRECT_OBJC_ISA_USAGE = YES_ERROR;
				CLANG_WARN_DOCUMENTATION_COMMENTS = YES;
				CLANG_WARN_EMPTY_BODY = YES;
				CLANG_WARN_ENUM_CONVERSION = YES;
				CLANG_WARN_INFINITE_RECURSION = YES;
				CLANG_WARN_INT_CONVERSION = YES;
				CLANG_WARN_NON_LITERAL_NULL_CONVERSION = YES;
				CLANG_WARN_OBJC_IMPLICIT_RETAIN_SELF = YES;
				CLANG_WARN_OBJC_LITERAL_CONVERSION = YES;
				CLANG_WARN_OBJC_ROOT_CLASS = YES_ERROR;
				CLANG_WARN_QUOTED_INCLUDE_IN_FRAMEWORK_HEADER = YES;
				CLANG_WARN_RANGE_LOOP_ANALYSIS = YES;
				CLANG_WARN_STRICT_PROTOTYPES = YES;
				CLANG_WARN_SUSPICIOUS_MOVE = YES;
				CLANG_WARN_UNGUARDED_AVAILABILITY = YES_AGGRESSIVE;
				CLANG_WARN_UNREACHABLE_CODE = YES;
				CLANG_WARN__DUPLICATE_METHOD_MATCH = YES;
				COPY_PHASE_STRIP = NO;
				DEBUG_INFORMATION_FORMAT = dwarf;
				ENABLE_STRICT_OBJC_MSGSEND = YES;
				ENABLE_TESTABILITY = YES;
				ENABLE_USER_SCRIPT_SANDBOXING = YES;
				GCC_C_LANGUAGE_STANDARD = gnu17;
				GCC_DYNAMIC_NO_PIC = NO;
				GCC_NO_COMMON_BLOCKS = YES;
				GCC_OPTIMIZATION_LEVEL = 0;
				GCC_PREPROCESSOR_DEFINITIONS = (
					"DEBUG=1",
					"$(inherited)",
				);
				GCC_WARN_64_TO_32_BIT_CONVERSION = YES;
				GCC_WARN_ABOUT_RETURN_TYPE = YES_ERROR;
				GCC_WARN_UNDECLARED_SELECTOR = YES;
				GCC_WARN_UNINITIALIZED_AUTOS = YES_AGGRESSIVE;
				GCC_WARN_UNUSED_FUNCTION = YES;
				GCC_WARN_UNUSED_VARIABLE = YES;
				IPHONEOS_DEPLOYMENT_TARGET = 17.5;
				LOCALIZATION_PREFERS_STRING_CATALOGS = YES;
				MTL_ENABLE_DEBUG_INFO = INCLUDE_SOURCE;
				MTL_FAST_MATH = YES;
				ONLY_ACTIVE_ARCH = YES;
				SDKROOT = iphoneos;
				SWIFT_ACTIVE_COMPILATION_CONDITIONS = "DEBUG $(inherited)";
				SWIFT_OPTIMIZATION_LEVEL = "-Onone";
			};
			name = Debug;
		};
		D3679F302C8E311D002E7B63 /* Release */ = {
			isa = XCBuildConfiguration;
			buildSettings = {
				ALWAYS_SEARCH_USER_PATHS = NO;
				ASSETCATALOG_COMPILER_GENERATE_SWIFT_ASSET_SYMBOL_EXTENSIONS = YES;
				CLANG_ANALYZER_NONNULL = YES;
				CLANG_ANALYZER_NUMBER_OBJECT_CONVERSION = YES_AGGRESSIVE;
				CLANG_CXX_LANGUAGE_STANDARD = "gnu++20";
				CLANG_ENABLE_MODULES = YES;
				CLANG_ENABLE_OBJC_ARC = YES;
				CLANG_ENABLE_OBJC_WEAK = YES;
				CLANG_WARN_BLOCK_CAPTURE_AUTORELEASING = YES;
				CLANG_WARN_BOOL_CONVERSION = YES;
				CLANG_WARN_COMMA = YES;
				CLANG_WARN_CONSTANT_CONVERSION = YES;
				CLANG_WARN_DEPRECATED_OBJC_IMPLEMENTATIONS = YES;
				CLANG_WARN_DIRECT_OBJC_ISA_USAGE = YES_ERROR;
				CLANG_WARN_DOCUMENTATION_COMMENTS = YES;
				CLANG_WARN_EMPTY_BODY = YES;
				CLANG_WARN_ENUM_CONVERSION = YES;
				CLANG_WARN_INFINITE_RECURSION = YES;
				CLANG_WARN_INT_CONVERSION = YES;
				CLANG_WARN_NON_LITERAL_NULL_CONVERSION = YES;
				CLANG_WARN_OBJC_IMPLICIT_RETAIN_SELF = YES;
				CLANG_WARN_OBJC_LITERAL_CONVERSION = YES;
				CLANG_WARN_OBJC_ROOT_CLASS = YES_ERROR;
				CLANG_WARN_QUOTED_INCLUDE_IN_FRAMEWORK_HEADER = YES;
				CLANG_WARN_RANGE_LOOP_ANALYSIS = YES;
				CLANG_WARN_STRICT_PROTOTYPES = YES;
				CLANG_WARN_SUSPICIOUS_MOVE = YES;
				CLANG_WARN_UNGUARDED_AVAILABILITY = YES_AGGRESSIVE;
				CLANG_WARN_UNREACHABLE_CODE = YES;
				CLANG_WARN__DUPLICATE_METHOD_MATCH = YES;
				COPY_PHASE_STRIP = NO;
				DEBUG_INFORMATION_FORMAT = "dwarf-with-dsym";
				ENABLE_NS_ASSERTIONS = NO;
				ENABLE_STRICT_OBJC_MSGSEND = YES;
				ENABLE_USER_SCRIPT_SANDBOXING = YES;
				GCC_C_LANGUAGE_STANDARD = gnu17;
				GCC_NO_COMMON_BLOCKS = YES;
				GCC_WARN_64_TO_32_BIT_CONVERSION = YES;
				GCC_WARN_ABOUT_RETURN_TYPE = YES_ERROR;
				GCC_WARN_UNDECLARED_SELECTOR = YES;
				GCC_WARN_UNINITIALIZED_AUTOS = YES_AGGRESSIVE;
				GCC_WARN_UNUSED_FUNCTION = YES;
				GCC_WARN_UNUSED_VARIABLE = YES;
				IPHONEOS_DEPLOYMENT_TARGET = 17.5;
				LOCALIZATION_PREFERS_STRING_CATALOGS = YES;
				MTL_ENABLE_DEBUG_INFO = NO;
				MTL_FAST_MATH = YES;
				SDKROOT = iphoneos;
				SWIFT_COMPILATION_MODE = wholemodule;
				VALIDATE_PRODUCT = YES;
			};
			name = Release;
		};
		D3679F322C8E311D002E7B63 /* Debug */ = {
			isa = XCBuildConfiguration;
			buildSettings = {
				ASSETCATALOG_COMPILER_APPICON_NAME = AppIcon;
				ASSETCATALOG_COMPILER_GLOBAL_ACCENT_COLOR_NAME = AccentColor;
				CODE_SIGN_STYLE = Automatic;
				CURRENT_PROJECT_VERSION = 1;
				DEVELOPMENT_TEAM = L77G6F7P4A;
				GENERATE_INFOPLIST_FILE = YES;
				INFOPLIST_FILE = Weather_Hosting/Info.plist;
				INFOPLIST_KEY_UIApplicationSupportsIndirectInputEvents = YES;
				INFOPLIST_KEY_UILaunchStoryboardName = LaunchScreen;
				INFOPLIST_KEY_UIMainStoryboardFile = Main;
				INFOPLIST_KEY_UISupportedInterfaceOrientations_iPad = "UIInterfaceOrientationPortrait UIInterfaceOrientationPortraitUpsideDown UIInterfaceOrientationLandscapeLeft UIInterfaceOrientationLandscapeRight";
				INFOPLIST_KEY_UISupportedInterfaceOrientations_iPhone = "UIInterfaceOrientationPortrait UIInterfaceOrientationLandscapeLeft UIInterfaceOrientationLandscapeRight";
				LD_RUNPATH_SEARCH_PATHS = (
					"$(inherited)",
					"@executable_path/Frameworks",
				);
				MARKETING_VERSION = 1.0;
				PRODUCT_BUNDLE_IDENTIFIER = "NVee.Weather-Hosting";
				PRODUCT_NAME = "$(TARGET_NAME)";
				SWIFT_EMIT_LOC_STRINGS = YES;
				SWIFT_VERSION = 5.0;
				TARGETED_DEVICE_FAMILY = "1,2";
			};
			name = Debug;
		};
		D3679F332C8E311D002E7B63 /* Release */ = {
			isa = XCBuildConfiguration;
			buildSettings = {
				ASSETCATALOG_COMPILER_APPICON_NAME = AppIcon;
				ASSETCATALOG_COMPILER_GLOBAL_ACCENT_COLOR_NAME = AccentColor;
				CODE_SIGN_STYLE = Automatic;
				CURRENT_PROJECT_VERSION = 1;
				DEVELOPMENT_TEAM = L77G6F7P4A;
				GENERATE_INFOPLIST_FILE = YES;
				INFOPLIST_FILE = Weather_Hosting/Info.plist;
				INFOPLIST_KEY_UIApplicationSupportsIndirectInputEvents = YES;
				INFOPLIST_KEY_UILaunchStoryboardName = LaunchScreen;
				INFOPLIST_KEY_UIMainStoryboardFile = Main;
				INFOPLIST_KEY_UISupportedInterfaceOrientations_iPad = "UIInterfaceOrientationPortrait UIInterfaceOrientationPortraitUpsideDown UIInterfaceOrientationLandscapeLeft UIInterfaceOrientationLandscapeRight";
				INFOPLIST_KEY_UISupportedInterfaceOrientations_iPhone = "UIInterfaceOrientationPortrait UIInterfaceOrientationLandscapeLeft UIInterfaceOrientationLandscapeRight";
				LD_RUNPATH_SEARCH_PATHS = (
					"$(inherited)",
					"@executable_path/Frameworks",
				);
				MARKETING_VERSION = 1.0;
				PRODUCT_BUNDLE_IDENTIFIER = "NVee.Weather-Hosting";
				PRODUCT_NAME = "$(TARGET_NAME)";
				SWIFT_EMIT_LOC_STRINGS = YES;
				SWIFT_VERSION = 5.0;
				TARGETED_DEVICE_FAMILY = "1,2";
			};
			name = Release;
		};
		D3679F352C8E311D002E7B63 /* Debug */ = {
			isa = XCBuildConfiguration;
			buildSettings = {
				ALWAYS_EMBED_SWIFT_STANDARD_LIBRARIES = YES;
				BUNDLE_LOADER = "$(TEST_HOST)";
				CODE_SIGN_STYLE = Automatic;
				CURRENT_PROJECT_VERSION = 1;
				DEVELOPMENT_TEAM = L77G6F7P4A;
				GENERATE_INFOPLIST_FILE = YES;
				IPHONEOS_DEPLOYMENT_TARGET = 17.5;
				MARKETING_VERSION = 1.0;
				PRODUCT_BUNDLE_IDENTIFIER = "NVee.Weather-HostingTests";
				PRODUCT_NAME = "$(TARGET_NAME)";
				SWIFT_EMIT_LOC_STRINGS = NO;
				SWIFT_VERSION = 5.0;
				TARGETED_DEVICE_FAMILY = "1,2";
				TEST_HOST = "$(BUILT_PRODUCTS_DIR)/Weather_Hosting.app/$(BUNDLE_EXECUTABLE_FOLDER_PATH)/Weather_Hosting";
			};
			name = Debug;
		};
		D3679F362C8E311D002E7B63 /* Release */ = {
			isa = XCBuildConfiguration;
			buildSettings = {
				ALWAYS_EMBED_SWIFT_STANDARD_LIBRARIES = YES;
				BUNDLE_LOADER = "$(TEST_HOST)";
				CODE_SIGN_STYLE = Automatic;
				CURRENT_PROJECT_VERSION = 1;
				DEVELOPMENT_TEAM = L77G6F7P4A;
				GENERATE_INFOPLIST_FILE = YES;
				IPHONEOS_DEPLOYMENT_TARGET = 17.5;
				MARKETING_VERSION = 1.0;
				PRODUCT_BUNDLE_IDENTIFIER = "NVee.Weather-HostingTests";
				PRODUCT_NAME = "$(TARGET_NAME)";
				SWIFT_EMIT_LOC_STRINGS = NO;
				SWIFT_VERSION = 5.0;
				TARGETED_DEVICE_FAMILY = "1,2";
				TEST_HOST = "$(BUILT_PRODUCTS_DIR)/Weather_Hosting.app/$(BUNDLE_EXECUTABLE_FOLDER_PATH)/Weather_Hosting";
			};
			name = Release;
		};
		D3679F382C8E311D002E7B63 /* Debug */ = {
			isa = XCBuildConfiguration;
			buildSettings = {
				ALWAYS_EMBED_SWIFT_STANDARD_LIBRARIES = YES;
				CODE_SIGN_STYLE = Automatic;
				CURRENT_PROJECT_VERSION = 1;
				DEVELOPMENT_TEAM = L77G6F7P4A;
				GENERATE_INFOPLIST_FILE = YES;
				MARKETING_VERSION = 1.0;
				PRODUCT_BUNDLE_IDENTIFIER = "NVee.Weather-HostingUITests";
				PRODUCT_NAME = "$(TARGET_NAME)";
				SWIFT_EMIT_LOC_STRINGS = NO;
				SWIFT_VERSION = 5.0;
				TARGETED_DEVICE_FAMILY = "1,2";
				TEST_TARGET_NAME = Weather_Hosting;
			};
			name = Debug;
		};
		D3679F392C8E311D002E7B63 /* Release */ = {
			isa = XCBuildConfiguration;
			buildSettings = {
				ALWAYS_EMBED_SWIFT_STANDARD_LIBRARIES = YES;
				CODE_SIGN_STYLE = Automatic;
				CURRENT_PROJECT_VERSION = 1;
				DEVELOPMENT_TEAM = L77G6F7P4A;
				GENERATE_INFOPLIST_FILE = YES;
				MARKETING_VERSION = 1.0;
				PRODUCT_BUNDLE_IDENTIFIER = "NVee.Weather-HostingUITests";
				PRODUCT_NAME = "$(TARGET_NAME)";
				SWIFT_EMIT_LOC_STRINGS = NO;
				SWIFT_VERSION = 5.0;
				TARGETED_DEVICE_FAMILY = "1,2";
				TEST_TARGET_NAME = Weather_Hosting;
			};
			name = Release;
		};
/* End XCBuildConfiguration section */

/* Begin XCConfigurationList section */
		D3679F022C8E311C002E7B63 /* Build configuration list for PBXProject "Weather_Hosting" */ = {
			isa = XCConfigurationList;
			buildConfigurations = (
				D3679F2F2C8E311D002E7B63 /* Debug */,
				D3679F302C8E311D002E7B63 /* Release */,
			);
			defaultConfigurationIsVisible = 0;
			defaultConfigurationName = Release;
		};
		D3679F312C8E311D002E7B63 /* Build configuration list for PBXNativeTarget "Weather_Hosting" */ = {
			isa = XCConfigurationList;
			buildConfigurations = (
				D3679F322C8E311D002E7B63 /* Debug */,
				D3679F332C8E311D002E7B63 /* Release */,
			);
			defaultConfigurationIsVisible = 0;
			defaultConfigurationName = Release;
		};
		D3679F342C8E311D002E7B63 /* Build configuration list for PBXNativeTarget "Weather_HostingTests" */ = {
			isa = XCConfigurationList;
			buildConfigurations = (
				D3679F352C8E311D002E7B63 /* Debug */,
				D3679F362C8E311D002E7B63 /* Release */,
			);
			defaultConfigurationIsVisible = 0;
			defaultConfigurationName = Release;
		};
		D3679F372C8E311D002E7B63 /* Build configuration list for PBXNativeTarget "Weather_HostingUITests" */ = {
			isa = XCConfigurationList;
			buildConfigurations = (
				D3679F382C8E311D002E7B63 /* Debug */,
				D3679F392C8E311D002E7B63 /* Release */,
			);
			defaultConfigurationIsVisible = 0;
			defaultConfigurationName = Release;
		};
/* End XCConfigurationList section */
	};
	rootObject = D3679EFF2C8E311C002E7B63 /* Project object */;
}
